{
  "name": "CN",
  "lockfileVersion": 3,
  "requires": true,
  "packages": {
    "": {
      "dependencies": {
        "superscript-number": "^1.0.0"
      }
    },
    "node_modules/superscript-number": {
      "version": "1.0.0",
      "resolved": "https://registry.npmjs.org/superscript-number/-/superscript-number-1.0.0.tgz",
      "integrity": "sha512-x7ki0i2rLzyXh47u9Rbl8b1pxyELoXWKGnm2/zlZtRfBz1d6/LjWHlyYN8pXZ5Bg7N7xzGvDmsldm9uKz9peBw=="
    }
  }
}
